{
  "name": "test",
  "lockfileVersion": 3,
  "requires": true,
  "packages": {
    "": {
      "dependencies": {
        "swahili-english-translator": "^1.0.3"
      }
    },
    "node_modules/swahili-english-translator": {
      "version": "1.0.3",
      "resolved": "https://registry.npmjs.org/swahili-english-translator/-/swahili-english-translator-1.0.3.tgz",
      "integrity": "sha512-sfC46wkGjBAi7M+1z0Ha2+mzLVN70wpR+eAt4aUihwSAUukiqNITHhkRiSBOefTRdhv3MZ9x+UDCIjDd0sNHZw=="
    }
  }
}
